{
  "object": {
    "pins": [
      {
        "package": "PureSwiftUI",
        "repositoryURL": "https://github.com/CodeSlicing/pure-swift-ui.git",
        "state": {
          "branch": null,
          "revision": "0958d576081a37ae651a1497a3f2e3f7be936406",
          "version": "2.0.6"
        }
      }
    ]
  },
  "version": 1
}
