// !$*UTF8*$!
{
	archiveVersion = 1;
	classes = {
	};
	objectVersion = 52;
	objects = {

/* Begin PBXBuildFile section */
		AC11CFFE25F2E06C0062439B /* GoogleService-Info.plist in Resources */ = {isa = PBXBuildFile; fileRef = AC11CFFD25F2E06C0062439B /* GoogleService-Info.plist */; };
		AC11D01425F2E1910062439B /* FirebaseDelegate.swift in Sources */ = {isa = PBXBuildFile; fileRef = AC11D01325F2E1910062439B /* FirebaseDelegate.swift */; };
		AC11D02125F2E8540062439B /* Project.swift in Sources */ = {isa = PBXBuildFile; fileRef = AC11D02025F2E8540062439B /* Project.swift */; };
		AC275B4425F2DB840034075C /* StartApp.swift in Sources */ = {isa = PBXBuildFile; fileRef = AC275B4325F2DB840034075C /* StartApp.swift */; };
		AC275B4825F2DB870034075C /* Assets.xcassets in Resources */ = {isa = PBXBuildFile; fileRef = AC275B4725F2DB870034075C /* Assets.xcassets */; };
		AC275B4B25F2DB870034075C /* Preview Assets.xcassets in Resources */ = {isa = PBXBuildFile; fileRef = AC275B4A25F2DB870034075C /* Preview Assets.xcassets */; };
		AC43FF3F25F3E5B100BBA6A3 /* ProjectItemView.swift in Sources */ = {isa = PBXBuildFile; fileRef = AC43FF3E25F3E5B100BBA6A3 /* ProjectItemView.swift */; };
		AC43FF4425F3EEFB00BBA6A3 /* View+Neumorphism.swift in Sources */ = {isa = PBXBuildFile; fileRef = AC43FF4325F3EEFB00BBA6A3 /* View+Neumorphism.swift */; };
		AC4AAAAB25F35AF500E18BFA /* PureSwiftUI in Frameworks */ = {isa = PBXBuildFile; productRef = AC4AAAAA25F35AF500E18BFA /* PureSwiftUI */; };
		AC4AAAB025F3631D00E18BFA /* AuthService.swift in Sources */ = {isa = PBXBuildFile; fileRef = AC4AAAAF25F3631D00E18BFA /* AuthService.swift */; };
		AC4AAAB425F3643D00E18BFA /* AuthView.swift in Sources */ = {isa = PBXBuildFile; fileRef = AC4AAAB325F3643D00E18BFA /* AuthView.swift */; };
		AC4AAAB825F3645900E18BFA /* AuthFormView.swift in Sources */ = {isa = PBXBuildFile; fileRef = AC4AAAB725F3645900E18BFA /* AuthFormView.swift */; };
		AC86509325F3709500AC5BAE /* User.swift in Sources */ = {isa = PBXBuildFile; fileRef = AC86509225F3709500AC5BAE /* User.swift */; };
		ACBECAD925F39C420016AD7D /* ProjectViewModel.swift in Sources */ = {isa = PBXBuildFile; fileRef = ACBECAD825F39C420016AD7D /* ProjectViewModel.swift */; };
		ACBECADF25F3A14D0016AD7D /* ProjectsViewModel.swift in Sources */ = {isa = PBXBuildFile; fileRef = ACBECADE25F3A14D0016AD7D /* ProjectsViewModel.swift */; };
		ACBECAE325F3A5120016AD7D /* HomeView.swift in Sources */ = {isa = PBXBuildFile; fileRef = ACBECAE225F3A5120016AD7D /* HomeView.swift */; };
		ACBECAE925F3A54A0016AD7D /* ProjectsListView.swift in Sources */ = {isa = PBXBuildFile; fileRef = ACBECAE825F3A54A0016AD7D /* ProjectsListView.swift */; };
		ACBECAED25F3A66B0016AD7D /* ProjectDetailsView.swift in Sources */ = {isa = PBXBuildFile; fileRef = ACBECAEC25F3A66B0016AD7D /* ProjectDetailsView.swift */; };
		ACBECAF025F3A9880016AD7D /* ProjectEditView.swift in Sources */ = {isa = PBXBuildFile; fileRef = ACBECAEF25F3A9880016AD7D /* ProjectEditView.swift */; };
		ACBECAF625F3D27E0016AD7D /* TabBarButtonView.swift in Sources */ = {isa = PBXBuildFile; fileRef = ACBECAF525F3D27E0016AD7D /* TabBarButtonView.swift */; };
		ACBECAFE25F3D3470016AD7D /* TabBarCurveShape.swift in Sources */ = {isa = PBXBuildFile; fileRef = ACBECAFD25F3D3470016AD7D /* TabBarCurveShape.swift */; };
		ACD2798B25F2DD7A00EBB8B6 /* CalendarView.swift in Sources */ = {isa = PBXBuildFile; fileRef = ACD2798A25F2DD7A00EBB8B6 /* CalendarView.swift */; };
		ACD2799125F2DDC700EBB8B6 /* ProfileView.swift in Sources */ = {isa = PBXBuildFile; fileRef = ACD2799025F2DDC700EBB8B6 /* ProfileView.swift */; };
		ACD2799625F2DDEF00EBB8B6 /* TabBarView.swift in Sources */ = {isa = PBXBuildFile; fileRef = ACD2799525F2DDEF00EBB8B6 /* TabBarView.swift */; };
		ACD2799C25F2DE2700EBB8B6 /* MessangerView.swift in Sources */ = {isa = PBXBuildFile; fileRef = ACD2799B25F2DE2700EBB8B6 /* MessangerView.swift */; };
		ACD279A225F2DE7900EBB8B6 /* WelcomeView.swift in Sources */ = {isa = PBXBuildFile; fileRef = ACD279A125F2DE7900EBB8B6 /* WelcomeView.swift */; };
		ACDE2C2D25F3D7F6008852EB /* StoryBadgeView.swift in Sources */ = {isa = PBXBuildFile; fileRef = ACDE2C2C25F3D7F6008852EB /* StoryBadgeView.swift */; };
		D9809FB21793C5036D3B7B63 /* Pods_Neeo.framework in Frameworks */ = {isa = PBXBuildFile; fileRef = E329342E59DB38C1F1A70750 /* Pods_Neeo.framework */; };
/* End PBXBuildFile section */

/* Begin PBXFileReference section */
		66AC2098F9118DA203627C8D /* Pods-Neeo.debug.xcconfig */ = {isa = PBXFileReference; includeInIndex = 1; lastKnownFileType = text.xcconfig; name = "Pods-Neeo.debug.xcconfig"; path = "Target Support Files/Pods-Neeo/Pods-Neeo.debug.xcconfig"; sourceTree = "<group>"; };
		AC11CFFD25F2E06C0062439B /* GoogleService-Info.plist */ = {isa = PBXFileReference; fileEncoding = 4; lastKnownFileType = text.plist.xml; path = "GoogleService-Info.plist"; sourceTree = "<group>"; };
		AC11D01325F2E1910062439B /* FirebaseDelegate.swift */ = {isa = PBXFileReference; lastKnownFileType = sourcecode.swift; path = FirebaseDelegate.swift; sourceTree = "<group>"; };
		AC11D02025F2E8540062439B /* Project.swift */ = {isa = PBXFileReference; lastKnownFileType = sourcecode.swift; path = Project.swift; sourceTree = "<group>"; };
		AC275B4025F2DB840034075C /* Neeo.app */ = {isa = PBXFileReference; explicitFileType = wrapper.application; includeInIndex = 0; path = Neeo.app; sourceTree = BUILT_PRODUCTS_DIR; };
		AC275B4325F2DB840034075C /* StartApp.swift */ = {isa = PBXFileReference; lastKnownFileType = sourcecode.swift; path = StartApp.swift; sourceTree = "<group>"; };
		AC275B4725F2DB870034075C /* Assets.xcassets */ = {isa = PBXFileReference; lastKnownFileType = folder.assetcatalog; path = Assets.xcassets; sourceTree = "<group>"; };
		AC275B4A25F2DB870034075C /* Preview Assets.xcassets */ = {isa = PBXFileReference; lastKnownFileType = folder.assetcatalog; path = "Preview Assets.xcassets"; sourceTree = "<group>"; };
		AC275B4C25F2DB870034075C /* Info.plist */ = {isa = PBXFileReference; lastKnownFileType = text.plist.xml; path = Info.plist; sourceTree = "<group>"; };
		AC43FF3E25F3E5B100BBA6A3 /* ProjectItemView.swift */ = {isa = PBXFileReference; lastKnownFileType = sourcecode.swift; path = ProjectItemView.swift; sourceTree = "<group>"; };
		AC43FF4325F3EEFB00BBA6A3 /* View+Neumorphism.swift */ = {isa = PBXFileReference; lastKnownFileType = sourcecode.swift; path = "View+Neumorphism.swift"; sourceTree = "<group>"; };
		AC4AAAAF25F3631D00E18BFA /* AuthService.swift */ = {isa = PBXFileReference; lastKnownFileType = sourcecode.swift; path = AuthService.swift; sourceTree = "<group>"; };
		AC4AAAB325F3643D00E18BFA /* AuthView.swift */ = {isa = PBXFileReference; lastKnownFileType = sourcecode.swift; path = AuthView.swift; sourceTree = "<group>"; };
		AC4AAAB725F3645900E18BFA /* AuthFormView.swift */ = {isa = PBXFileReference; lastKnownFileType = sourcecode.swift; path = AuthFormView.swift; sourceTree = "<group>"; };
		AC86509225F3709500AC5BAE /* User.swift */ = {isa = PBXFileReference; lastKnownFileType = sourcecode.swift; path = User.swift; sourceTree = "<group>"; };
		ACBECAD825F39C420016AD7D /* ProjectViewModel.swift */ = {isa = PBXFileReference; lastKnownFileType = sourcecode.swift; path = ProjectViewModel.swift; sourceTree = "<group>"; };
		ACBECADE25F3A14D0016AD7D /* ProjectsViewModel.swift */ = {isa = PBXFileReference; lastKnownFileType = sourcecode.swift; path = ProjectsViewModel.swift; sourceTree = "<group>"; };
		ACBECAE225F3A5120016AD7D /* HomeView.swift */ = {isa = PBXFileReference; lastKnownFileType = sourcecode.swift; path = HomeView.swift; sourceTree = "<group>"; };
		ACBECAE825F3A54A0016AD7D /* ProjectsListView.swift */ = {isa = PBXFileReference; lastKnownFileType = sourcecode.swift; path = ProjectsListView.swift; sourceTree = "<group>"; };
		ACBECAEC25F3A66B0016AD7D /* ProjectDetailsView.swift */ = {isa = PBXFileReference; lastKnownFileType = sourcecode.swift; path = ProjectDetailsView.swift; sourceTree = "<group>"; };
		ACBECAEF25F3A9880016AD7D /* ProjectEditView.swift */ = {isa = PBXFileReference; lastKnownFileType = sourcecode.swift; path = ProjectEditView.swift; sourceTree = "<group>"; };
		ACBECAF525F3D27E0016AD7D /* TabBarButtonView.swift */ = {isa = PBXFileReference; lastKnownFileType = sourcecode.swift; path = TabBarButtonView.swift; sourceTree = "<group>"; };
		ACBECAFD25F3D3470016AD7D /* TabBarCurveShape.swift */ = {isa = PBXFileReference; lastKnownFileType = sourcecode.swift; path = TabBarCurveShape.swift; sourceTree = "<group>"; };
		ACD2798A25F2DD7A00EBB8B6 /* CalendarView.swift */ = {isa = PBXFileReference; lastKnownFileType = sourcecode.swift; path = CalendarView.swift; sourceTree = "<group>"; };
		ACD2799025F2DDC700EBB8B6 /* ProfileView.swift */ = {isa = PBXFileReference; lastKnownFileType = sourcecode.swift; path = ProfileView.swift; sourceTree = "<group>"; };
		ACD2799525F2DDEF00EBB8B6 /* TabBarView.swift */ = {isa = PBXFileReference; lastKnownFileType = sourcecode.swift; path = TabBarView.swift; sourceTree = "<group>"; };
		ACD2799B25F2DE2700EBB8B6 /* MessangerView.swift */ = {isa = PBXFileReference; lastKnownFileType = sourcecode.swift; path = MessangerView.swift; sourceTree = "<group>"; };
		ACD279A125F2DE7900EBB8B6 /* WelcomeView.swift */ = {isa = PBXFileReference; lastKnownFileType = sourcecode.swift; path = WelcomeView.swift; sourceTree = "<group>"; };
		ACDE2C2C25F3D7F6008852EB /* StoryBadgeView.swift */ = {isa = PBXFileReference; lastKnownFileType = sourcecode.swift; path = StoryBadgeView.swift; sourceTree = "<group>"; };
		E329342E59DB38C1F1A70750 /* Pods_Neeo.framework */ = {isa = PBXFileReference; explicitFileType = wrapper.framework; includeInIndex = 0; path = Pods_Neeo.framework; sourceTree = BUILT_PRODUCTS_DIR; };
		EFF4D11C0F5E54987A7451FC /* Pods-Neeo.release.xcconfig */ = {isa = PBXFileReference; includeInIndex = 1; lastKnownFileType = text.xcconfig; name = "Pods-Neeo.release.xcconfig"; path = "Target Support Files/Pods-Neeo/Pods-Neeo.release.xcconfig"; sourceTree = "<group>"; };
/* End PBXFileReference section */

/* Begin PBXFrameworksBuildPhase section */
		AC275B3D25F2DB840034075C /* Frameworks */ = {
			isa = PBXFrameworksBuildPhase;
			buildActionMask = 2147483647;
			files = (
				AC4AAAAB25F35AF500E18BFA /* PureSwiftUI in Frameworks */,
				D9809FB21793C5036D3B7B63 /* Pods_Neeo.framework in Frameworks */,
			);
			runOnlyForDeploymentPostprocessing = 0;
		};
/* End PBXFrameworksBuildPhase section */

/* Begin PBXGroup section */
		63E5B35F29893C7B8A4D3650 /* Pods */ = {
			isa = PBXGroup;
			children = (
				66AC2098F9118DA203627C8D /* Pods-Neeo.debug.xcconfig */,
				EFF4D11C0F5E54987A7451FC /* Pods-Neeo.release.xcconfig */,
			);
			path = Pods;
			sourceTree = "<group>";
		};
		A3DB01F31EF5FAC8D79DB899 /* Frameworks */ = {
			isa = PBXGroup;
			children = (
				E329342E59DB38C1F1A70750 /* Pods_Neeo.framework */,
			);
			name = Frameworks;
			sourceTree = "<group>";
		};
		AC11D01825F2E2170062439B /* Delegates */ = {
			isa = PBXGroup;
			children = (
				AC11D01325F2E1910062439B /* FirebaseDelegate.swift */,
			);
			path = Delegates;
			sourceTree = "<group>";
		};
		AC275B3725F2DB840034075C = {
			isa = PBXGroup;
			children = (
				AC275B4225F2DB840034075C /* Neeo */,
				AC275B4125F2DB840034075C /* Products */,
				63E5B35F29893C7B8A4D3650 /* Pods */,
				A3DB01F31EF5FAC8D79DB899 /* Frameworks */,
			);
			sourceTree = "<group>";
		};
		AC275B4125F2DB840034075C /* Products */ = {
			isa = PBXGroup;
			children = (
				AC275B4025F2DB840034075C /* Neeo.app */,
			);
			name = Products;
			sourceTree = "<group>";
		};
		AC275B4225F2DB840034075C /* Neeo */ = {
			isa = PBXGroup;
			children = (
				AC4AAAAE25F3630E00E18BFA /* Services */,
				AC275B5725F2DC660034075C /* Resources */,
				AC275B5525F2DBAE0034075C /* Models */,
				ACBECAD725F39C2F0016AD7D /* ViewModels */,
				AC275B5325F2DBA80034075C /* Views */,
				AC275B4C25F2DB870034075C /* Info.plist */,
				AC11CFFD25F2E06C0062439B /* GoogleService-Info.plist */,
				AC275B4925F2DB870034075C /* Preview Content */,
			);
			path = Neeo;
			sourceTree = "<group>";
		};
		AC275B4925F2DB870034075C /* Preview Content */ = {
			isa = PBXGroup;
			children = (
				AC275B4A25F2DB870034075C /* Preview Assets.xcassets */,
			);
			path = "Preview Content";
			sourceTree = "<group>";
		};
		AC275B5325F2DBA80034075C /* Views */ = {
			isa = PBXGroup;
			children = (
				ACD2799325F2DDD800EBB8B6 /* Core */,
				ACD2799425F2DDE600EBB8B6 /* Navigators */,
				AC4AAAB225F3642C00E18BFA /* Auth */,
				AC4AAAAD25F3628C00E18BFA /* Projects */,
				ACDE2C2B25F3D7E6008852EB /* Stories */,
				ACD279A125F2DE7900EBB8B6 /* WelcomeView.swift */,
			);
			path = Views;
			sourceTree = "<group>";
		};
		AC275B5525F2DBAE0034075C /* Models */ = {
			isa = PBXGroup;
			children = (
				AC11D02025F2E8540062439B /* Project.swift */,
				AC86509225F3709500AC5BAE /* User.swift */,
			);
			path = Models;
			sourceTree = "<group>";
		};
		AC275B5725F2DC660034075C /* Resources */ = {
			isa = PBXGroup;
			children = (
				AC275B4325F2DB840034075C /* StartApp.swift */,
				AC43FF4225F3EEDA00BBA6A3 /* Extensions */,
				AC11D01825F2E2170062439B /* Delegates */,
				AC275B4725F2DB870034075C /* Assets.xcassets */,
			);
			path = Resources;
			sourceTree = "<group>";
		};
		AC43FF4225F3EEDA00BBA6A3 /* Extensions */ = {
			isa = PBXGroup;
			children = (
				AC43FF4325F3EEFB00BBA6A3 /* View+Neumorphism.swift */,
			);
			path = Extensions;
			sourceTree = "<group>";
		};
		AC4AAAAD25F3628C00E18BFA /* Projects */ = {
			isa = PBXGroup;
			children = (
				AC43FF3E25F3E5B100BBA6A3 /* ProjectItemView.swift */,
				ACBECAE825F3A54A0016AD7D /* ProjectsListView.swift */,
				ACBECAEF25F3A9880016AD7D /* ProjectEditView.swift */,
				ACBECAEC25F3A66B0016AD7D /* ProjectDetailsView.swift */,
			);
			path = Projects;
			sourceTree = "<group>";
		};
		AC4AAAAE25F3630E00E18BFA /* Services */ = {
			isa = PBXGroup;
			children = (
				AC4AAAAF25F3631D00E18BFA /* AuthService.swift */,
			);
			path = Services;
			sourceTree = "<group>";
		};
		AC4AAAB225F3642C00E18BFA /* Auth */ = {
			isa = PBXGroup;
			children = (
				AC4AAAB325F3643D00E18BFA /* AuthView.swift */,
				AC4AAAB725F3645900E18BFA /* AuthFormView.swift */,
			);
			path = Auth;
			sourceTree = "<group>";
		};
		ACBECAD725F39C2F0016AD7D /* ViewModels */ = {
			isa = PBXGroup;
			children = (
				ACBECAD825F39C420016AD7D /* ProjectViewModel.swift */,
				ACBECADE25F3A14D0016AD7D /* ProjectsViewModel.swift */,
			);
			path = ViewModels;
			sourceTree = "<group>";
		};
		ACBECAF325F3D26D0016AD7D /* TabBar */ = {
			isa = PBXGroup;
			children = (
				ACD2799525F2DDEF00EBB8B6 /* TabBarView.swift */,
				ACBECAF525F3D27E0016AD7D /* TabBarButtonView.swift */,
				ACBECAFD25F3D3470016AD7D /* TabBarCurveShape.swift */,
			);
			path = TabBar;
			sourceTree = "<group>";
		};
		ACD2799325F2DDD800EBB8B6 /* Core */ = {
			isa = PBXGroup;
			children = (
				ACD2799025F2DDC700EBB8B6 /* ProfileView.swift */,
				ACD2799B25F2DE2700EBB8B6 /* MessangerView.swift */,
				ACD2798A25F2DD7A00EBB8B6 /* CalendarView.swift */,
				ACBECAE225F3A5120016AD7D /* HomeView.swift */,
			);
			path = Core;
			sourceTree = "<group>";
		};
		ACD2799425F2DDE600EBB8B6 /* Navigators */ = {
			isa = PBXGroup;
			children = (
				ACBECAF325F3D26D0016AD7D /* TabBar */,
			);
			path = Navigators;
			sourceTree = "<group>";
		};
		ACDE2C2B25F3D7E6008852EB /* Stories */ = {
			isa = PBXGroup;
			children = (
				ACDE2C2C25F3D7F6008852EB /* StoryBadgeView.swift */,
			);
			path = Stories;
			sourceTree = "<group>";
		};
/* End PBXGroup section */

/* Begin PBXNativeTarget section */
		AC275B3F25F2DB840034075C /* Neeo */ = {
			isa = PBXNativeTarget;
			buildConfigurationList = AC275B4F25F2DB870034075C /* Build configuration list for PBXNativeTarget "Neeo" */;
			buildPhases = (
				DFDDDCA126F1E044A2C3716F /* [CP] Check Pods Manifest.lock */,
				AC275B3C25F2DB840034075C /* Sources */,
				AC275B3D25F2DB840034075C /* Frameworks */,
				AC275B3E25F2DB840034075C /* Resources */,
				E886D251F270701E8282F063 /* [CP] Embed Pods Frameworks */,
				8D406F67A2A1321A10864400 /* [CP] Copy Pods Resources */,
			);
			buildRules = (
			);
			dependencies = (
			);
			name = Neeo;
			packageProductDependencies = (
				AC4AAAAA25F35AF500E18BFA /* PureSwiftUI */,
			);
			productName = Neeo;
			productReference = AC275B4025F2DB840034075C /* Neeo.app */;
			productType = "com.apple.product-type.application";
		};
/* End PBXNativeTarget section */

/* Begin PBXProject section */
		AC275B3825F2DB840034075C /* Project object */ = {
			isa = PBXProject;
			attributes = {
				LastSwiftUpdateCheck = 1240;
				LastUpgradeCheck = 1240;
				TargetAttributes = {
					AC275B3F25F2DB840034075C = {
						CreatedOnToolsVersion = 12.4;
					};
				};
			};
			buildConfigurationList = AC275B3B25F2DB840034075C /* Build configuration list for PBXProject "Neeo" */;
			compatibilityVersion = "Xcode 9.3";
			developmentRegion = en;
			hasScannedForEncodings = 0;
			knownRegions = (
				en,
				Base,
			);
			mainGroup = AC275B3725F2DB840034075C;
			packageReferences = (
				AC4AAAA925F35AF500E18BFA /* XCRemoteSwiftPackageReference "pure-swift-ui" */,
			);
			productRefGroup = AC275B4125F2DB840034075C /* Products */;
			projectDirPath = "";
			projectRoot = "";
			targets = (
				AC275B3F25F2DB840034075C /* Neeo */,
			);
		};
/* End PBXProject section */

/* Begin PBXResourcesBuildPhase section */
		AC275B3E25F2DB840034075C /* Resources */ = {
			isa = PBXResourcesBuildPhase;
			buildActionMask = 2147483647;
			files = (
				AC275B4B25F2DB870034075C /* Preview Assets.xcassets in Resources */,
				AC275B4825F2DB870034075C /* Assets.xcassets in Resources */,
				AC11CFFE25F2E06C0062439B /* GoogleService-Info.plist in Resources */,
			);
			runOnlyForDeploymentPostprocessing = 0;
		};
/* End PBXResourcesBuildPhase section */

/* Begin PBXShellScriptBuildPhase section */
		8D406F67A2A1321A10864400 /* [CP] Copy Pods Resources */ = {
			isa = PBXShellScriptBuildPhase;
			buildActionMask = 2147483647;
			files = (
			);
			inputFileListPaths = (
				"${PODS_ROOT}/Target Support Files/Pods-Neeo/Pods-Neeo-resources-${CONFIGURATION}-input-files.xcfilelist",
			);
			name = "[CP] Copy Pods Resources";
			outputFileListPaths = (
				"${PODS_ROOT}/Target Support Files/Pods-Neeo/Pods-Neeo-resources-${CONFIGURATION}-output-files.xcfilelist",
			);
			runOnlyForDeploymentPostprocessing = 0;
			shellPath = /bin/sh;
			shellScript = "\"${PODS_ROOT}/Target Support Files/Pods-Neeo/Pods-Neeo-resources.sh\"\n";
			showEnvVarsInLog = 0;
		};
		DFDDDCA126F1E044A2C3716F /* [CP] Check Pods Manifest.lock */ = {
			isa = PBXShellScriptBuildPhase;
			buildActionMask = 2147483647;
			files = (
			);
			inputFileListPaths = (
			);
			inputPaths = (
				"${PODS_PODFILE_DIR_PATH}/Podfile.lock",
				"${PODS_ROOT}/Manifest.lock",
			);
			name = "[CP] Check Pods Manifest.lock";
			outputFileListPaths = (
			);
			outputPaths = (
				"$(DERIVED_FILE_DIR)/Pods-Neeo-checkManifestLockResult.txt",
			);
			runOnlyForDeploymentPostprocessing = 0;
			shellPath = /bin/sh;
			shellScript = "diff \"${PODS_PODFILE_DIR_PATH}/Podfile.lock\" \"${PODS_ROOT}/Manifest.lock\" > /dev/null\nif [ $? != 0 ] ; then\n    # print error to STDERR\n    echo \"error: The sandbox is not in sync with the Podfile.lock. Run 'pod install' or update your CocoaPods installation.\" >&2\n    exit 1\nfi\n# This output is used by Xcode 'outputs' to avoid re-running this script phase.\necho \"SUCCESS\" > \"${SCRIPT_OUTPUT_FILE_0}\"\n";
			showEnvVarsInLog = 0;
		};
		E886D251F270701E8282F063 /* [CP] Embed Pods Frameworks */ = {
			isa = PBXShellScriptBuildPhase;
			buildActionMask = 2147483647;
			files = (
			);
			inputFileListPaths = (
				"${PODS_ROOT}/Target Support Files/Pods-Neeo/Pods-Neeo-frameworks-${CONFIGURATION}-input-files.xcfilelist",
			);
			name = "[CP] Embed Pods Frameworks";
			outputFileListPaths = (
				"${PODS_ROOT}/Target Support Files/Pods-Neeo/Pods-Neeo-frameworks-${CONFIGURATION}-output-files.xcfilelist",
			);
			runOnlyForDeploymentPostprocessing = 0;
			shellPath = /bin/sh;
			shellScript = "\"${PODS_ROOT}/Target Support Files/Pods-Neeo/Pods-Neeo-frameworks.sh\"\n";
			showEnvVarsInLog = 0;
		};
/* End PBXShellScriptBuildPhase section */

/* Begin PBXSourcesBuildPhase section */
		AC275B3C25F2DB840034075C /* Sources */ = {
			isa = PBXSourcesBuildPhase;
			buildActionMask = 2147483647;
			files = (
				AC275B4425F2DB840034075C /* StartApp.swift in Sources */,
				AC4AAAB425F3643D00E18BFA /* AuthView.swift in Sources */,
				ACBECAE925F3A54A0016AD7D /* ProjectsListView.swift in Sources */,
				ACD2799125F2DDC700EBB8B6 /* ProfileView.swift in Sources */,
				AC43FF4425F3EEFB00BBA6A3 /* View+Neumorphism.swift in Sources */,
				ACBECAD925F39C420016AD7D /* ProjectViewModel.swift in Sources */,
				ACD2798B25F2DD7A00EBB8B6 /* CalendarView.swift in Sources */,
				ACBECAE325F3A5120016AD7D /* HomeView.swift in Sources */,
				AC4AAAB825F3645900E18BFA /* AuthFormView.swift in Sources */,
				ACBECAED25F3A66B0016AD7D /* ProjectDetailsView.swift in Sources */,
				ACBECADF25F3A14D0016AD7D /* ProjectsViewModel.swift in Sources */,
				AC11D02125F2E8540062439B /* Project.swift in Sources */,
				ACD2799C25F2DE2700EBB8B6 /* MessangerView.swift in Sources */,
				AC4AAAB025F3631D00E18BFA /* AuthService.swift in Sources */,
				ACBECAFE25F3D3470016AD7D /* TabBarCurveShape.swift in Sources */,
				AC11D01425F2E1910062439B /* FirebaseDelegate.swift in Sources */,
				ACDE2C2D25F3D7F6008852EB /* StoryBadgeView.swift in Sources */,
				ACBECAF025F3A9880016AD7D /* ProjectEditView.swift in Sources */,
				ACD2799625F2DDEF00EBB8B6 /* TabBarView.swift in Sources */,
				ACD279A225F2DE7900EBB8B6 /* WelcomeView.swift in Sources */,
				ACBECAF625F3D27E0016AD7D /* TabBarButtonView.swift in Sources */,
				AC86509325F3709500AC5BAE /* User.swift in Sources */,
				AC43FF3F25F3E5B100BBA6A3 /* ProjectItemView.swift in Sources */,
			);
			runOnlyForDeploymentPostprocessing = 0;
		};
/* End PBXSourcesBuildPhase section */

/* Begin XCBuildConfiguration section */
		AC275B4D25F2DB870034075C /* Debug */ = {
			isa = XCBuildConfiguration;
			buildSettings = {
				ALWAYS_SEARCH_USER_PATHS = NO;
				CLANG_ANALYZER_NONNULL = YES;
				CLANG_ANALYZER_NUMBER_OBJECT_CONVERSION = YES_AGGRESSIVE;
				CLANG_CXX_LANGUAGE_STANDARD = "gnu++14";
				CLANG_CXX_LIBRARY = "libc++";
				CLANG_ENABLE_MODULES = YES;
				CLANG_ENABLE_OBJC_ARC = YES;
				CLANG_ENABLE_OBJC_WEAK = YES;
				CLANG_WARN_BLOCK_CAPTURE_AUTORELEASING = YES;
				CLANG_WARN_BOOL_CONVERSION = YES;
				CLANG_WARN_COMMA = YES;
				CLANG_WARN_CONSTANT_CONVERSION = YES;
				CLANG_WARN_DEPRECATED_OBJC_IMPLEMENTATIONS = YES;
				CLANG_WARN_DIRECT_OBJC_ISA_USAGE = YES_ERROR;
				CLANG_WARN_DOCUMENTATION_COMMENTS = YES;
				CLANG_WARN_EMPTY_BODY = YES;
				CLANG_WARN_ENUM_CONVERSION = YES;
				CLANG_WARN_INFINITE_RECURSION = YES;
				CLANG_WARN_INT_CONVERSION = YES;
				CLANG_WARN_NON_LITERAL_NULL_CONVERSION = YES;
				CLANG_WARN_OBJC_IMPLICIT_RETAIN_SELF = YES;
				CLANG_WARN_OBJC_LITERAL_CONVERSION = YES;
				CLANG_WARN_OBJC_ROOT_CLASS = YES_ERROR;
				CLANG_WARN_QUOTED_INCLUDE_IN_FRAMEWORK_HEADER = YES;
				CLANG_WARN_RANGE_LOOP_ANALYSIS = YES;
				CLANG_WARN_STRICT_PROTOTYPES = YES;
				CLANG_WARN_SUSPICIOUS_MOVE = YES;
				CLANG_WARN_UNGUARDED_AVAILABILITY = YES_AGGRESSIVE;
				CLANG_WARN_UNREACHABLE_CODE = YES;
				CLANG_WARN__DUPLICATE_METHOD_MATCH = YES;
				COPY_PHASE_STRIP = NO;
				DEBUG_INFORMATION_FORMAT = dwarf;
				ENABLE_STRICT_OBJC_MSGSEND = YES;
				ENABLE_TESTABILITY = YES;
				GCC_C_LANGUAGE_STANDARD = gnu11;
				GCC_DYNAMIC_NO_PIC = NO;
				GCC_NO_COMMON_BLOCKS = YES;
				GCC_OPTIMIZATION_LEVEL = 0;
				GCC_PREPROCESSOR_DEFINITIONS = (
					"DEBUG=1",
					"$(inherited)",
				);
				GCC_WARN_64_TO_32_BIT_CONVERSION = YES;
				GCC_WARN_ABOUT_RETURN_TYPE = YES_ERROR;
				GCC_WARN_UNDECLARED_SELECTOR = YES;
				GCC_WARN_UNINITIALIZED_AUTOS = YES_AGGRESSIVE;
				GCC_WARN_UNUSED_FUNCTION = YES;
				GCC_WARN_UNUSED_VARIABLE = YES;
				IPHONEOS_DEPLOYMENT_TARGET = 14.4;
				MTL_ENABLE_DEBUG_INFO = INCLUDE_SOURCE;
				MTL_FAST_MATH = YES;
				ONLY_ACTIVE_ARCH = YES;
				SDKROOT = iphoneos;
				SWIFT_ACTIVE_COMPILATION_CONDITIONS = DEBUG;
				SWIFT_OPTIMIZATION_LEVEL = "-Onone";
			};
			name = Debug;
		};
		AC275B4E25F2DB870034075C /* Release */ = {
			isa = XCBuildConfiguration;
			buildSettings = {
				ALWAYS_SEARCH_USER_PATHS = NO;
				CLANG_ANALYZER_NONNULL = YES;
				CLANG_ANALYZER_NUMBER_OBJECT_CONVERSION = YES_AGGRESSIVE;
				CLANG_CXX_LANGUAGE_STANDARD = "gnu++14";
				CLANG_CXX_LIBRARY = "libc++";
				CLANG_ENABLE_MODULES = YES;
				CLANG_ENABLE_OBJC_ARC = YES;
				CLANG_ENABLE_OBJC_WEAK = YES;
				CLANG_WARN_BLOCK_CAPTURE_AUTORELEASING = YES;
				CLANG_WARN_BOOL_CONVERSION = YES;
				CLANG_WARN_COMMA = YES;
				CLANG_WARN_CONSTANT_CONVERSION = YES;
				CLANG_WARN_DEPRECATED_OBJC_IMPLEMENTATIONS = YES;
				CLANG_WARN_DIRECT_OBJC_ISA_USAGE = YES_ERROR;
				CLANG_WARN_DOCUMENTATION_COMMENTS = YES;
				CLANG_WARN_EMPTY_BODY = YES;
				CLANG_WARN_ENUM_CONVERSION = YES;
				CLANG_WARN_INFINITE_RECURSION = YES;
				CLANG_WARN_INT_CONVERSION = YES;
				CLANG_WARN_NON_LITERAL_NULL_CONVERSION = YES;
				CLANG_WARN_OBJC_IMPLICIT_RETAIN_SELF = YES;
				CLANG_WARN_OBJC_LITERAL_CONVERSION = YES;
				CLANG_WARN_OBJC_ROOT_CLASS = YES_ERROR;
				CLANG_WARN_QUOTED_INCLUDE_IN_FRAMEWORK_HEADER = YES;
				CLANG_WARN_RANGE_LOOP_ANALYSIS = YES;
				CLANG_WARN_STRICT_PROTOTYPES = YES;
				CLANG_WARN_SUSPICIOUS_MOVE = YES;
				CLANG_WARN_UNGUARDED_AVAILABILITY = YES_AGGRESSIVE;
				CLANG_WARN_UNREACHABLE_CODE = YES;
				CLANG_WARN__DUPLICATE_METHOD_MATCH = YES;
				COPY_PHASE_STRIP = NO;
				DEBUG_INFORMATION_FORMAT = "dwarf-with-dsym";
				ENABLE_NS_ASSERTIONS = NO;
				ENABLE_STRICT_OBJC_MSGSEND = YES;
				GCC_C_LANGUAGE_STANDARD = gnu11;
				GCC_NO_COMMON_BLOCKS = YES;
				GCC_WARN_64_TO_32_BIT_CONVERSION = YES;
				GCC_WARN_ABOUT_RETURN_TYPE = YES_ERROR;
				GCC_WARN_UNDECLARED_SELECTOR = YES;
				GCC_WARN_UNINITIALIZED_AUTOS = YES_AGGRESSIVE;
				GCC_WARN_UNUSED_FUNCTION = YES;
				GCC_WARN_UNUSED_VARIABLE = YES;
				IPHONEOS_DEPLOYMENT_TARGET = 14.4;
				MTL_ENABLE_DEBUG_INFO = NO;
				MTL_FAST_MATH = YES;
				SDKROOT = iphoneos;
				SWIFT_COMPILATION_MODE = wholemodule;
				SWIFT_OPTIMIZATION_LEVEL = "-O";
				VALIDATE_PRODUCT = YES;
			};
			name = Release;
		};
		AC275B5025F2DB870034075C /* Debug */ = {
			isa = XCBuildConfiguration;
			baseConfigurationReference = 66AC2098F9118DA203627C8D /* Pods-Neeo.debug.xcconfig */;
			buildSettings = {
				ASSETCATALOG_COMPILER_APPICON_NAME = AppIcon;
				ASSETCATALOG_COMPILER_GLOBAL_ACCENT_COLOR_NAME = AccentColor;
				CODE_SIGN_STYLE = Automatic;
				DEVELOPMENT_ASSET_PATHS = "\"Neeo/Preview Content\"";
				DEVELOPMENT_TEAM = FPS2D3FZ2Q;
				ENABLE_PREVIEWS = YES;
				INFOPLIST_FILE = Neeo/Info.plist;
				IPHONEOS_DEPLOYMENT_TARGET = 14.0;
				LD_RUNPATH_SEARCH_PATHS = (
					"$(inherited)",
					"@executable_path/Frameworks",
				);
				PRODUCT_BUNDLE_IDENTIFIER = com.Neeo;
				PRODUCT_NAME = "$(TARGET_NAME)";
				SWIFT_VERSION = 5.0;
				TARGETED_DEVICE_FAMILY = "1,2";
			};
			name = Debug;
		};
		AC275B5125F2DB870034075C /* Release */ = {
			isa = XCBuildConfiguration;
			baseConfigurationReference = EFF4D11C0F5E54987A7451FC /* Pods-Neeo.release.xcconfig */;
			buildSettings = {
				ASSETCATALOG_COMPILER_APPICON_NAME = AppIcon;
				ASSETCATALOG_COMPILER_GLOBAL_ACCENT_COLOR_NAME = AccentColor;
				CODE_SIGN_STYLE = Automatic;
				DEVELOPMENT_ASSET_PATHS = "\"Neeo/Preview Content\"";
				DEVELOPMENT_TEAM = FPS2D3FZ2Q;
				ENABLE_PREVIEWS = YES;
				INFOPLIST_FILE = Neeo/Info.plist;
				IPHONEOS_DEPLOYMENT_TARGET = 14.0;
				LD_RUNPATH_SEARCH_PATHS = (
					"$(inherited)",
					"@executable_path/Frameworks",
				);
				PRODUCT_BUNDLE_IDENTIFIER = com.Neeo;
				PRODUCT_NAME = "$(TARGET_NAME)";
				SWIFT_VERSION = 5.0;
				TARGETED_DEVICE_FAMILY = "1,2";
			};
			name = Release;
		};
/* End XCBuildConfiguration section */

/* Begin XCConfigurationList section */
		AC275B3B25F2DB840034075C /* Build configuration list for PBXProject "Neeo" */ = {
			isa = XCConfigurationList;
			buildConfigurations = (
				AC275B4D25F2DB870034075C /* Debug */,
				AC275B4E25F2DB870034075C /* Release */,
			);
			defaultConfigurationIsVisible = 0;
			defaultConfigurationName = Release;
		};
		AC275B4F25F2DB870034075C /* Build configuration list for PBXNativeTarget "Neeo" */ = {
			isa = XCConfigurationList;
			buildConfigurations = (
				AC275B5025F2DB870034075C /* Debug */,
				AC275B5125F2DB870034075C /* Release */,
			);
			defaultConfigurationIsVisible = 0;
			defaultConfigurationName = Release;
		};
/* End XCConfigurationList section */

/* Begin XCRemoteSwiftPackageReference section */
		AC4AAAA925F35AF500E18BFA /* XCRemoteSwiftPackageReference "pure-swift-ui" */ = {
			isa = XCRemoteSwiftPackageReference;
			repositoryURL = "https://github.com/CodeSlicing/pure-swift-ui.git";
			requirement = {
				kind = upToNextMajorVersion;
				minimumVersion = 2.0.6;
			};
		};
/* End XCRemoteSwiftPackageReference section */

/* Begin XCSwiftPackageProductDependency section */
		AC4AAAAA25F35AF500E18BFA /* PureSwiftUI */ = {
			isa = XCSwiftPackageProductDependency;
			package = AC4AAAA925F35AF500E18BFA /* XCRemoteSwiftPackageReference "pure-swift-ui" */;
			productName = PureSwiftUI;
		};
/* End XCSwiftPackageProductDependency section */
	};
	rootObject = AC275B3825F2DB840034075C /* Project object */;
}
